// !$*UTF8*$!
{
	archiveVersion = 1;
	classes = {
	};
	objectVersion = 46;
	objects = {

/* Begin PBXBuildFile section */
		240284C81A80400C004CED4D /* DetalheCarroViewController.swift in Sources */ = {isa = PBXBuildFile; fileRef = 240284C71A80400C004CED4D /* DetalheCarroViewController.swift */; };
		240284CA1A804B1B004CED4D /* CarroTableViewCell.swift in Sources */ = {isa = PBXBuildFile; fileRef = 240284C91A804B1B004CED4D /* CarroTableViewCell.swift */; };
		2424A2551A7D627F00C241D2 /* AppDelegate.swift in Sources */ = {isa = PBXBuildFile; fileRef = 2424A2541A7D627F00C241D2 /* AppDelegate.swift */; };
		2424A25A1A7D627F00C241D2 /* Main.storyboard in Resources */ = {isa = PBXBuildFile; fileRef = 2424A2581A7D627F00C241D2 /* Main.storyboard */; };
		2424A25C1A7D627F00C241D2 /* Images.xcassets in Resources */ = {isa = PBXBuildFile; fileRef = 2424A25B1A7D627F00C241D2 /* Images.xcassets */; };
		2424A25F1A7D627F00C241D2 /* LaunchScreen.xib in Resources */ = {isa = PBXBuildFile; fileRef = 2424A25D1A7D627F00C241D2 /* LaunchScreen.xib */; };
		2424A26B1A7D627F00C241D2 /* CarrosTests.swift in Sources */ = {isa = PBXBuildFile; fileRef = 2424A26A1A7D627F00C241D2 /* CarrosTests.swift */; };
		2424A2751A7D64B200C241D2 /* CarrosTableViewController.swift in Sources */ = {isa = PBXBuildFile; fileRef = 2424A2741A7D64B200C241D2 /* CarrosTableViewController.swift */; };
/* End PBXBuildFile section */

/* Begin PBXContainerItemProxy section */
		2424A2651A7D627F00C241D2 /* PBXContainerItemProxy */ = {
			isa = PBXContainerItemProxy;
			containerPortal = 2424A2471A7D627F00C241D2 /* Project object */;
			proxyType = 1;
			remoteGlobalIDString = 2424A24E1A7D627F00C241D2;
			remoteInfo = Carros;
		};
/* End PBXContainerItemProxy section */

/* Begin PBXFileReference section */
		240284C71A80400C004CED4D /* DetalheCarroViewController.swift */ = {isa = PBXFileReference; fileEncoding = 4; lastKnownFileType = sourcecode.swift; path = DetalheCarroViewController.swift; sourceTree = "<group>"; };
		240284C91A804B1B004CED4D /* CarroTableViewCell.swift */ = {isa = PBXFileReference; fileEncoding = 4; lastKnownFileType = sourcecode.swift; path = CarroTableViewCell.swift; sourceTree = "<group>"; };
		2424A24F1A7D627F00C241D2 /* Carros.app */ = {isa = PBXFileReference; explicitFileType = wrapper.application; includeInIndex = 0; path = Carros.app; sourceTree = BUILT_PRODUCTS_DIR; };
		2424A2531A7D627F00C241D2 /* Info.plist */ = {isa = PBXFileReference; lastKnownFileType = text.plist.xml; path = Info.plist; sourceTree = "<group>"; };
		2424A2541A7D627F00C241D2 /* AppDelegate.swift */ = {isa = PBXFileReference; lastKnownFileType = sourcecode.swift; path = AppDelegate.swift; sourceTree = "<group>"; };
		2424A2591A7D627F00C241D2 /* Base */ = {isa = PBXFileReference; lastKnownFileType = file.storyboard; name = Base; path = Base.lproj/Main.storyboard; sourceTree = "<group>"; };
		2424A25B1A7D627F00C241D2 /* Images.xcassets */ = {isa = PBXFileReference; lastKnownFileType = folder.assetcatalog; path = Images.xcassets; sourceTree = "<group>"; };
		2424A25E1A7D627F00C241D2 /* Base */ = {isa = PBXFileReference; lastKnownFileType = file.xib; name = Base; path = Base.lproj/LaunchScreen.xib; sourceTree = "<group>"; };
		2424A2641A7D627F00C241D2 /* CarrosTests.xctest */ = {isa = PBXFileReference; explicitFileType = wrapper.cfbundle; includeInIndex = 0; path = CarrosTests.xctest; sourceTree = BUILT_PRODUCTS_DIR; };
		2424A2691A7D627F00C241D2 /* Info.plist */ = {isa = PBXFileReference; lastKnownFileType = text.plist.xml; path = Info.plist; sourceTree = "<group>"; };
		2424A26A1A7D627F00C241D2 /* CarrosTests.swift */ = {isa = PBXFileReference; lastKnownFileType = sourcecode.swift; path = CarrosTests.swift; sourceTree = "<group>"; };
		2424A2741A7D64B200C241D2 /* CarrosTableViewController.swift */ = {isa = PBXFileReference; fileEncoding = 4; lastKnownFileType = sourcecode.swift; path = CarrosTableViewController.swift; sourceTree = "<group>"; };
/* End PBXFileReference section */

/* Begin PBXFrameworksBuildPhase section */
		2424A24C1A7D627F00C241D2 /* Frameworks */ = {
			isa = PBXFrameworksBuildPhase;
			buildActionMask = 2147483647;
			files = (
			);
			runOnlyForDeploymentPostprocessing = 0;
		};
		2424A2611A7D627F00C241D2 /* Frameworks */ = {
			isa = PBXFrameworksBuildPhase;
			buildActionMask = 2147483647;
			files = (
			);
			runOnlyForDeploymentPostprocessing = 0;
		};
/* End PBXFrameworksBuildPhase section */

/* Begin PBXGroup section */
		2424A2461A7D627F00C241D2 = {
			isa = PBXGroup;
			children = (
				2424A2511A7D627F00C241D2 /* Carros */,
				2424A2671A7D627F00C241D2 /* CarrosTests */,
				2424A2501A7D627F00C241D2 /* Products */,
			);
			sourceTree = "<group>";
		};
		2424A2501A7D627F00C241D2 /* Products */ = {
			isa = PBXGroup;
			children = (
				2424A24F1A7D627F00C241D2 /* Carros.app */,
				2424A2641A7D627F00C241D2 /* CarrosTests.xctest */,
			);
			name = Products;
			sourceTree = "<group>";
		};
		2424A2511A7D627F00C241D2 /* Carros */ = {
			isa = PBXGroup;
			children = (
				2424A2541A7D627F00C241D2 /* AppDelegate.swift */,
				2424A2741A7D64B200C241D2 /* CarrosTableViewController.swift */,
				240284C71A80400C004CED4D /* DetalheCarroViewController.swift */,
				240284C91A804B1B004CED4D /* CarroTableViewCell.swift */,
				2424A2581A7D627F00C241D2 /* Main.storyboard */,
				2424A25B1A7D627F00C241D2 /* Images.xcassets */,
				2424A25D1A7D627F00C241D2 /* LaunchScreen.xib */,
				2424A2521A7D627F00C241D2 /* Supporting Files */,
			);
			path = Carros;
			sourceTree = "<group>";
		};
		2424A2521A7D627F00C241D2 /* Supporting Files */ = {
			isa = PBXGroup;
			children = (
				2424A2531A7D627F00C241D2 /* Info.plist */,
			);
			name = "Supporting Files";
			sourceTree = "<group>";
		};
		2424A2671A7D627F00C241D2 /* CarrosTests */ = {
			isa = PBXGroup;
			children = (
				2424A26A1A7D627F00C241D2 /* CarrosTests.swift */,
				2424A2681A7D627F00C241D2 /* Supporting Files */,
			);
			path = CarrosTests;
			sourceTree = "<group>";
		};
		2424A2681A7D627F00C241D2 /* Supporting Files */ = {
			isa = PBXGroup;
			children = (
				2424A2691A7D627F00C241D2 /* Info.plist */,
			);
			name = "Supporting Files";
			sourceTree = "<group>";
		};
/* End PBXGroup section */

/* Begin PBXNativeTarget section */
		2424A24E1A7D627F00C241D2 /* Carros */ = {
			isa = PBXNativeTarget;
			buildConfigurationList = 2424A26E1A7D627F00C241D2 /* Build configuration list for PBXNativeTarget "Carros" */;
			buildPhases = (
				2424A24B1A7D627F00C241D2 /* Sources */,
				2424A24C1A7D627F00C241D2 /* Frameworks */,
				2424A24D1A7D627F00C241D2 /* Resources */,
			);
			buildRules = (
			);
			dependencies = (
			);
			name = Carros;
			productName = Carros;
			productReference = 2424A24F1A7D627F00C241D2 /* Carros.app */;
			productType = "com.apple.product-type.application";
		};
		2424A2631A7D627F00C241D2 /* CarrosTests */ = {
			isa = PBXNativeTarget;
			buildConfigurationList = 2424A2711A7D627F00C241D2 /* Build configuration list for PBXNativeTarget "CarrosTests" */;
			buildPhases = (
				2424A2601A7D627F00C241D2 /* Sources */,
				2424A2611A7D627F00C241D2 /* Frameworks */,
				2424A2621A7D627F00C241D2 /* Resources */,
			);
			buildRules = (
			);
			dependencies = (
				2424A2661A7D627F00C241D2 /* PBXTargetDependency */,
			);
			name = CarrosTests;
			productName = CarrosTests;
			productReference = 2424A2641A7D627F00C241D2 /* CarrosTests.xctest */;
			productType = "com.apple.product-type.bundle.unit-test";
		};
/* End PBXNativeTarget section */

/* Begin PBXProject section */
		2424A2471A7D627F00C241D2 /* Project object */ = {
			isa = PBXProject;
			attributes = {
				LastUpgradeCheck = 0610;
				ORGANIZATIONNAME = Example;
				TargetAttributes = {
					2424A24E1A7D627F00C241D2 = {
						CreatedOnToolsVersion = 6.1.1;
					};
					2424A2631A7D627F00C241D2 = {
						CreatedOnToolsVersion = 6.1.1;
						TestTargetID = 2424A24E1A7D627F00C241D2;
					};
				};
			};
			buildConfigurationList = 2424A24A1A7D627F00C241D2 /* Build configuration list for PBXProject "Carros" */;
			compatibilityVersion = "Xcode 3.2";
			developmentRegion = English;
			hasScannedForEncodings = 0;
			knownRegions = (
				en,
				Base,
			);
			mainGroup = 2424A2461A7D627F00C241D2;
			productRefGroup = 2424A2501A7D627F00C241D2 /* Products */;
			projectDirPath = "";
			projectRoot = "";
			targets = (
				2424A24E1A7D627F00C241D2 /* Carros */,
				2424A2631A7D627F00C241D2 /* CarrosTests */,
			);
		};
/* End PBXProject section */

/* Begin PBXResourcesBuildPhase section */
		2424A24D1A7D627F00C241D2 /* Resources */ = {
			isa = PBXResourcesBuildPhase;
			buildActionMask = 2147483647;
			files = (
				2424A25A1A7D627F00C241D2 /* Main.storyboard in Resources */,
				2424A25F1A7D627F00C241D2 /* LaunchScreen.xib in Resources */,
				2424A25C1A7D627F00C241D2 /* Images.xcassets in Resources */,
			);
			runOnlyForDeploymentPostprocessing = 0;
		};
		2424A2621A7D627F00C241D2 /* Resources */ = {
			isa = PBXResourcesBuildPhase;
			buildActionMask = 2147483647;
			files = (
			);
			runOnlyForDeploymentPostprocessing = 0;
		};
/* End PBXResourcesBuildPhase section */

/* Begin PBXSourcesBuildPhase section */
		2424A24B1A7D627F00C241D2 /* Sources */ = {
			isa = PBXSourcesBuildPhase;
			buildActionMask = 2147483647;
			files = (
				2424A2551A7D627F00C241D2 /* AppDelegate.swift in Sources */,
				240284CA1A804B1B004CED4D /* CarroTableViewCell.swift in Sources */,
				2424A2751A7D64B200C241D2 /* CarrosTableViewController.swift in Sources */,
				240284C81A80400C004CED4D /* DetalheCarroViewController.swift in Sources */,
			);
			runOnlyForDeploymentPostprocessing = 0;
		};
		2424A2601A7D627F00C241D2 /* Sources */ = {
			isa = PBXSourcesBuildPhase;
			buildActionMask = 2147483647;
			files = (
				2424A26B1A7D627F00C241D2 /* CarrosTests.swift in Sources */,
			);
			runOnlyForDeploymentPostprocessing = 0;
		};
/* End PBXSourcesBuildPhase section */

/* Begin PBXTargetDependency section */
		2424A2661A7D627F00C241D2 /* PBXTargetDependency */ = {
			isa = PBXTargetDependency;
			target = 2424A24E1A7D627F00C241D2 /* Carros */;
			targetProxy = 2424A2651A7D627F00C241D2 /* PBXContainerItemProxy */;
		};
/* End PBXTargetDependency section */

/* Begin PBXVariantGroup section */
		2424A2581A7D627F00C241D2 /* Main.storyboard */ = {
			isa = PBXVariantGroup;
			children = (
				2424A2591A7D627F00C241D2 /* Base */,
			);
			name = Main.storyboard;
			sourceTree = "<group>";
		};
		2424A25D1A7D627F00C241D2 /* LaunchScreen.xib */ = {
			isa = PBXVariantGroup;
			children = (
				2424A25E1A7D627F00C241D2 /* Base */,
			);
			name = LaunchScreen.xib;
			sourceTree = "<group>";
		};
/* End PBXVariantGroup section */

/* Begin XCBuildConfiguration section */
		2424A26C1A7D627F00C241D2 /* Debug */ = {
			isa = XCBuildConfiguration;
			buildSettings = {
				ALWAYS_SEARCH_USER_PATHS = NO;
				CLANG_CXX_LANGUAGE_STANDARD = "gnu++0x";
				CLANG_CXX_LIBRARY = "libc++";
				CLANG_ENABLE_MODULES = YES;
				CLANG_ENABLE_OBJC_ARC = YES;
				CLANG_WARN_BOOL_CONVERSION = YES;
				CLANG_WARN_CONSTANT_CONVERSION = YES;
				CLANG_WARN_DIRECT_OBJC_ISA_USAGE = YES_ERROR;
				CLANG_WARN_EMPTY_BODY = YES;
				CLANG_WARN_ENUM_CONVERSION = YES;
				CLANG_WARN_INT_CONVERSION = YES;
				CLANG_WARN_OBJC_ROOT_CLASS = YES_ERROR;
				CLANG_WARN_UNREACHABLE_CODE = YES;
				CLANG_WARN__DUPLICATE_METHOD_MATCH = YES;
				"CODE_SIGN_IDENTITY[sdk=iphoneos*]" = "iPhone Developer";
				COPY_PHASE_STRIP = NO;
				ENABLE_STRICT_OBJC_MSGSEND = YES;
				GCC_C_LANGUAGE_STANDARD = gnu99;
				GCC_DYNAMIC_NO_PIC = NO;
				GCC_OPTIMIZATION_LEVEL = 0;
				GCC_PREPROCESSOR_DEFINITIONS = (
					"DEBUG=1",
					"$(inherited)",
				);
				GCC_SYMBOLS_PRIVATE_EXTERN = NO;
				GCC_WARN_64_TO_32_BIT_CONVERSION = YES;
				GCC_WARN_ABOUT_RETURN_TYPE = YES_ERROR;
				GCC_WARN_UNDECLARED_SELECTOR = YES;
				GCC_WARN_UNINITIALIZED_AUTOS = YES_AGGRESSIVE;
				GCC_WARN_UNUSED_FUNCTION = YES;
				GCC_WARN_UNUSED_VARIABLE = YES;
				IPHONEOS_DEPLOYMENT_TARGET = 8.1;
				MTL_ENABLE_DEBUG_INFO = YES;
				ONLY_ACTIVE_ARCH = YES;
				SDKROOT = iphoneos;
				SWIFT_OPTIMIZATION_LEVEL = "-Onone";
				TARGETED_DEVICE_FAMILY = "1,2";
			};
			name = Debug;
		};
		2424A26D1A7D627F00C241D2 /* Release */ = {
			isa = XCBuildConfiguration;
			buildSettings = {
				ALWAYS_SEARCH_USER_PATHS = NO;
				CLANG_CXX_LANGUAGE_STANDARD = "gnu++0x";
				CLANG_CXX_LIBRARY = "libc++";
				CLANG_ENABLE_MODULES = YES;
				CLANG_ENABLE_OBJC_ARC = YES;
				CLANG_WARN_BOOL_CONVERSION = YES;
				CLANG_WARN_CONSTANT_CONVERSION = YES;
				CLANG_WARN_DIRECT_OBJC_ISA_USAGE = YES_ERROR;
				CLANG_WARN_EMPTY_BODY = YES;
				CLANG_WARN_ENUM_CONVERSION = YES;
				CLANG_WARN_INT_CONVERSION = YES;
				CLANG_WARN_OBJC_ROOT_CLASS = YES_ERROR;
				CLANG_WARN_UNREACHABLE_CODE = YES;
				CLANG_WARN__DUPLICATE_METHOD_MATCH = YES;
				"CODE_SIGN_IDENTITY[sdk=iphoneos*]" = "iPhone Developer";
				COPY_PHASE_STRIP = YES;
				ENABLE_NS_ASSERTIONS = NO;
				ENABLE_STRICT_OBJC_MSGSEND = YES;
				GCC_C_LANGUAGE_STANDARD = gnu99;
				GCC_WARN_64_TO_32_BIT_CONVERSION = YES;
				GCC_WARN_ABOUT_RETURN_TYPE = YES_ERROR;
				GCC_WARN_UNDECLARED_SELECTOR = YES;
				GCC_WARN_UNINITIALIZED_AUTOS = YES_AGGRESSIVE;
				GCC_WARN_UNUSED_FUNCTION = YES;
				GCC_WARN_UNUSED_VARIABLE = YES;
				IPHONEOS_DEPLOYMENT_TARGET = 8.1;
				MTL_ENABLE_DEBUG_INFO = NO;
				SDKROOT = iphoneos;
				TARGETED_DEVICE_FAMILY = "1,2";
				VALIDATE_PRODUCT = YES;
			};
			name = Release;
		};
		2424A26F1A7D627F00C241D2 /* Debug */ = {
			isa = XCBuildConfiguration;
			buildSettings = {
				ASSETCATALOG_COMPILER_APPICON_NAME = AppIcon;
				INFOPLIST_FILE = Carros/Info.plist;
				LD_RUNPATH_SEARCH_PATHS = "$(inherited) @executable_path/Frameworks";
				PRODUCT_NAME = "$(TARGET_NAME)";
			};
			name = Debug;
		};
		2424A2701A7D627F00C241D2 /* Release */ = {
			isa = XCBuildConfiguration;
			buildSettings = {
				ASSETCATALOG_COMPILER_APPICON_NAME = AppIcon;
				INFOPLIST_FILE = Carros/Info.plist;
				LD_RUNPATH_SEARCH_PATHS = "$(inherited) @executable_path/Frameworks";
				PRODUCT_NAME = "$(TARGET_NAME)";
			};
			name = Release;
		};
		2424A2721A7D627F00C241D2 /* Debug */ = {
			isa = XCBuildConfiguration;
			buildSettings = {
				BUNDLE_LOADER = "$(TEST_HOST)";
				FRAMEWORK_SEARCH_PATHS = (
					"$(SDKROOT)/Developer/Library/Frameworks",
					"$(inherited)",
				);
				GCC_PREPROCESSOR_DEFINITIONS = (
					"DEBUG=1",
					"$(inherited)",
				);
				INFOPLIST_FILE = CarrosTests/Info.plist;
				LD_RUNPATH_SEARCH_PATHS = "$(inherited) @executable_path/Frameworks @loader_path/Frameworks";
				PRODUCT_NAME = "$(TARGET_NAME)";
				TEST_HOST = "$(BUILT_PRODUCTS_DIR)/Carros.app/Carros";
			};
			name = Debug;
		};
		2424A2731A7D627F00C241D2 /* Release */ = {
			isa = XCBuildConfiguration;
			buildSettings = {
				BUNDLE_LOADER = "$(TEST_HOST)";
				FRAMEWORK_SEARCH_PATHS = (
					"$(SDKROOT)/Developer/Library/Frameworks",
					"$(inherited)",
				);
				INFOPLIST_FILE = CarrosTests/Info.plist;
				LD_RUNPATH_SEARCH_PATHS = "$(inherited) @executable_path/Frameworks @loader_path/Frameworks";
				PRODUCT_NAME = "$(TARGET_NAME)";
				TEST_HOST = "$(BUILT_PRODUCTS_DIR)/Carros.app/Carros";
			};
			name = Release;
		};
/* End XCBuildConfiguration section */

/* Begin XCConfigurationList section */
		2424A24A1A7D627F00C241D2 /* Build configuration list for PBXProject "Carros" */ = {
			isa = XCConfigurationList;
			buildConfigurations = (
				2424A26C1A7D627F00C241D2 /* Debug */,
				2424A26D1A7D627F00C241D2 /* Release */,
			);
			defaultConfigurationIsVisible = 0;
			defaultConfigurationName = Release;
		};
		2424A26E1A7D627F00C241D2 /* Build configuration list for PBXNativeTarget "Carros" */ = {
			isa = XCConfigurationList;
			buildConfigurations = (
				2424A26F1A7D627F00C241D2 /* Debug */,
				2424A2701A7D627F00C241D2 /* Release */,
			);
			defaultConfigurationIsVisible = 0;
			defaultConfigurationName = Release;
		};
		2424A2711A7D627F00C241D2 /* Build configuration list for PBXNativeTarget "CarrosTests" */ = {
			isa = XCConfigurationList;
			buildConfigurations = (
				2424A2721A7D627F00C241D2 /* Debug */,
				2424A2731A7D627F00C241D2 /* Release */,
			);
			defaultConfigurationIsVisible = 0;
			defaultConfigurationName = Release;
		};
/* End XCConfigurationList section */
	};
	rootObject = 2424A2471A7D627F00C241D2 /* Project object */;
}
